
Microsoft Visual Studio Solution File, Format Version 12.00
# Visual Studio Version 17
VisualStudioVersion = 17.14.36408.4
MinimumVisualStudioVersion = 10.0.40219.1
Project("{FAE04EC0-301F-11D3-BF4B-00C04F79EFBC}") = "Ejercicio1", "Ejercicio1\Ejercicio1.csproj", "{B1345C5C-E231-4061-B70C-FDBBA84FAE67}"
EndProject
Project("{FAE04EC0-301F-11D3-BF4B-00C04F79EFBC}") = "Ejercicio2", "Ejercicio2\Ejercicio2.csproj", "{BDEEE68D-635D-4101-9E11-2CC633D678D6}"
EndProject
Global
	GlobalSection(SolutionConfigurationPlatforms) = preSolution
		Debug|Any CPU = Debug|Any CPU
		Release|Any CPU = Release|Any CPU
	EndGlobalSection
	GlobalSection(ProjectConfigurationPlatforms) = postSolution
		{B1345C5C-E231-4061-B70C-FDBBA84FAE67}.Debug|Any CPU.ActiveCfg = Debug|Any CPU
		{B1345C5C-E231-4061-B70C-FDBBA84FAE67}.Debug|Any CPU.Build.0 = Debug|Any CPU
		{B1345C5C-E231-4061-B70C-FDBBA84FAE67}.Release|Any CPU.ActiveCfg = Release|Any CPU
		{B1345C5C-E231-4061-B70C-FDBBA84FAE67}.Release|Any CPU.Build.0 = Release|Any CPU
		{BDEEE68D-635D-4101-9E11-2CC633D678D6}.Debug|Any CPU.ActiveCfg = Debug|Any CPU
		{BDEEE68D-635D-4101-9E11-2CC633D678D6}.Debug|Any CPU.Build.0 = Debug|Any CPU
		{BDEEE68D-635D-4101-9E11-2CC633D678D6}.Release|Any CPU.ActiveCfg = Release|Any CPU
		{BDEEE68D-635D-4101-9E11-2CC633D678D6}.Release|Any CPU.Build.0 = Release|Any CPU
	EndGlobalSection
	GlobalSection(SolutionProperties) = preSolution
		HideSolutionNode = FALSE
	EndGlobalSection
	GlobalSection(ExtensibilityGlobals) = postSolution
		SolutionGuid = {8A9E9739-98AF-49E5-8418-F8121089832A}
	EndGlobalSection
EndGlobal
